// !$*UTF8*$!
{
	archiveVersion = 1;
	classes = {
	};
	objectVersion = 46;
	objects = {

/* Begin PBXBuildFile section */
		812679BF1D27614700E683DC /* main.m in Sources */ = {isa = PBXBuildFile; fileRef = 812679BE1D27614700E683DC /* main.m */; };
		812679C21D27614700E683DC /* AppDelegate.m in Sources */ = {isa = PBXBuildFile; fileRef = 812679C11D27614700E683DC /* AppDelegate.m */; };
		812679C51D27614700E683DC /* ViewController.m in Sources */ = {isa = PBXBuildFile; fileRef = 812679C41D27614700E683DC /* ViewController.m */; };
		812679C81D27614700E683DC /* Main.storyboard in Resources */ = {isa = PBXBuildFile; fileRef = 812679C61D27614700E683DC /* Main.storyboard */; };
		812679CA1D27614700E683DC /* Assets.xcassets in Resources */ = {isa = PBXBuildFile; fileRef = 812679C91D27614700E683DC /* Assets.xcassets */; };
		812679CD1D27614700E683DC /* LaunchScreen.storyboard in Resources */ = {isa = PBXBuildFile; fileRef = 812679CB1D27614700E683DC /* LaunchScreen.storyboard */; };
		812679D81D27614700E683DC /* tableview__webviewTests.m in Sources */ = {isa = PBXBuildFile; fileRef = 812679D71D27614700E683DC /* tableview__webviewTests.m */; };
		812679E31D27614700E683DC /* tableview__webviewUITests.m in Sources */ = {isa = PBXBuildFile; fileRef = 812679E21D27614700E683DC /* tableview__webviewUITests.m */; };
		812679FF1D276F0400E683DC /* HZIndicatorView.m in Sources */ = {isa = PBXBuildFile; fileRef = 812679F91D276F0400E683DC /* HZIndicatorView.m */; };
		81267A001D276F0400E683DC /* HZPhotoBrowser.m in Sources */ = {isa = PBXBuildFile; fileRef = 812679FB1D276F0400E683DC /* HZPhotoBrowser.m */; };
		81267A011D276F0400E683DC /* HZPhotoBrowserView.m in Sources */ = {isa = PBXBuildFile; fileRef = 812679FE1D276F0400E683DC /* HZPhotoBrowserView.m */; };
		81267A041D276FE100E683DC /* WebViewURLViewController.m in Sources */ = {isa = PBXBuildFile; fileRef = 81267A031D276FE100E683DC /* WebViewURLViewController.m */; };
		815370D81D27745A00E561D2 /* NSData+ImageContentType.m in Sources */ = {isa = PBXBuildFile; fileRef = 815370BC1D27745A00E561D2 /* NSData+ImageContentType.m */; };
		815370D91D27745A00E561D2 /* SDImageCache.m in Sources */ = {isa = PBXBuildFile; fileRef = 815370BE1D27745A00E561D2 /* SDImageCache.m */; };
		815370DA1D27745A00E561D2 /* SDWebImageCompat.m in Sources */ = {isa = PBXBuildFile; fileRef = 815370C01D27745A00E561D2 /* SDWebImageCompat.m */; };
		815370DB1D27745A00E561D2 /* SDWebImageDecoder.m in Sources */ = {isa = PBXBuildFile; fileRef = 815370C21D27745A00E561D2 /* SDWebImageDecoder.m */; };
		815370DC1D27745A00E561D2 /* SDWebImageDownloader.m in Sources */ = {isa = PBXBuildFile; fileRef = 815370C41D27745A00E561D2 /* SDWebImageDownloader.m */; };
		815370DD1D27745A00E561D2 /* SDWebImageDownloaderOperation.m in Sources */ = {isa = PBXBuildFile; fileRef = 815370C61D27745A00E561D2 /* SDWebImageDownloaderOperation.m */; };
		815370DE1D27745A00E561D2 /* SDWebImageManager.m in Sources */ = {isa = PBXBuildFile; fileRef = 815370C81D27745A00E561D2 /* SDWebImageManager.m */; };
		815370DF1D27745A00E561D2 /* SDWebImagePrefetcher.m in Sources */ = {isa = PBXBuildFile; fileRef = 815370CB1D27745A00E561D2 /* SDWebImagePrefetcher.m */; };
		815370E01D27745A00E561D2 /* UIButton+WebCache.m in Sources */ = {isa = PBXBuildFile; fileRef = 815370CD1D27745A00E561D2 /* UIButton+WebCache.m */; };
		815370E11D27745A00E561D2 /* UIImage+GIF.m in Sources */ = {isa = PBXBuildFile; fileRef = 815370CF1D27745A00E561D2 /* UIImage+GIF.m */; };
		815370E21D27745A00E561D2 /* UIImage+MultiFormat.m in Sources */ = {isa = PBXBuildFile; fileRef = 815370D11D27745A00E561D2 /* UIImage+MultiFormat.m */; };
		815370E31D27745A00E561D2 /* UIImageView+HighlightedWebCache.m in Sources */ = {isa = PBXBuildFile; fileRef = 815370D31D27745A00E561D2 /* UIImageView+HighlightedWebCache.m */; };
		815370E41D27745A00E561D2 /* UIImageView+WebCache.m in Sources */ = {isa = PBXBuildFile; fileRef = 815370D51D27745A00E561D2 /* UIImageView+WebCache.m */; };
		815370E51D27745A00E561D2 /* UIView+WebCacheOperation.m in Sources */ = {isa = PBXBuildFile; fileRef = 815370D71D27745A00E561D2 /* UIView+WebCacheOperation.m */; };
		815370EC1D278D8500E561D2 /* IMYWebView.m in Sources */ = {isa = PBXBuildFile; fileRef = 815370E81D278D8500E561D2 /* IMYWebView.m */; };
		815370ED1D278D8500E561D2 /* IMY_NJKWebViewProgress.m in Sources */ = {isa = PBXBuildFile; fileRef = 815370EB1D278D8500E561D2 /* IMY_NJKWebViewProgress.m */; };
/* End PBXBuildFile section */

/* Begin PBXContainerItemProxy section */
		812679D41D27614700E683DC /* PBXContainerItemProxy */ = {
			isa = PBXContainerItemProxy;
			containerPortal = 812679B21D27614700E683DC /* Project object */;
			proxyType = 1;
			remoteGlobalIDString = 812679B91D27614700E683DC;
			remoteInfo = "tableview嵌套webview";
		};
		812679DF1D27614700E683DC /* PBXContainerItemProxy */ = {
			isa = PBXContainerItemProxy;
			containerPortal = 812679B21D27614700E683DC /* Project object */;
			proxyType = 1;
			remoteGlobalIDString = 812679B91D27614700E683DC;
			remoteInfo = "tableview嵌套webview";
		};
/* End PBXContainerItemProxy section */

/* Begin PBXFileReference section */
		812679BA1D27614700E683DC /* tableview嵌套webview.app */ = {isa = PBXFileReference; explicitFileType = wrapper.application; includeInIndex = 0; path = "tableview嵌套webview.app"; sourceTree = BUILT_PRODUCTS_DIR; };
		812679BE1D27614700E683DC /* main.m */ = {isa = PBXFileReference; lastKnownFileType = sourcecode.c.objc; path = main.m; sourceTree = "<group>"; };
		812679C01D27614700E683DC /* AppDelegate.h */ = {isa = PBXFileReference; lastKnownFileType = sourcecode.c.h; path = AppDelegate.h; sourceTree = "<group>"; };
		812679C11D27614700E683DC /* AppDelegate.m */ = {isa = PBXFileReference; lastKnownFileType = sourcecode.c.objc; path = AppDelegate.m; sourceTree = "<group>"; };
		812679C31D27614700E683DC /* ViewController.h */ = {isa = PBXFileReference; lastKnownFileType = sourcecode.c.h; path = ViewController.h; sourceTree = "<group>"; };
		812679C41D27614700E683DC /* ViewController.m */ = {isa = PBXFileReference; lastKnownFileType = sourcecode.c.objc; path = ViewController.m; sourceTree = "<group>"; };
		812679C71D27614700E683DC /* Base */ = {isa = PBXFileReference; lastKnownFileType = file.storyboard; name = Base; path = Base.lproj/Main.storyboard; sourceTree = "<group>"; };
		812679C91D27614700E683DC /* Assets.xcassets */ = {isa = PBXFileReference; lastKnownFileType = folder.assetcatalog; path = Assets.xcassets; sourceTree = "<group>"; };
		812679CC1D27614700E683DC /* Base */ = {isa = PBXFileReference; lastKnownFileType = file.storyboard; name = Base; path = Base.lproj/LaunchScreen.storyboard; sourceTree = "<group>"; };
		812679CE1D27614700E683DC /* Info.plist */ = {isa = PBXFileReference; lastKnownFileType = text.plist.xml; path = Info.plist; sourceTree = "<group>"; };
		812679D31D27614700E683DC /* tableview嵌套webviewTests.xctest */ = {isa = PBXFileReference; explicitFileType = wrapper.cfbundle; includeInIndex = 0; path = "tableview嵌套webviewTests.xctest"; sourceTree = BUILT_PRODUCTS_DIR; };
		812679D71D27614700E683DC /* tableview__webviewTests.m */ = {isa = PBXFileReference; lastKnownFileType = sourcecode.c.objc; path = tableview__webviewTests.m; sourceTree = "<group>"; };
		812679D91D27614700E683DC /* Info.plist */ = {isa = PBXFileReference; lastKnownFileType = text.plist.xml; path = Info.plist; sourceTree = "<group>"; };
		812679DE1D27614700E683DC /* tableview嵌套webviewUITests.xctest */ = {isa = PBXFileReference; explicitFileType = wrapper.cfbundle; includeInIndex = 0; path = "tableview嵌套webviewUITests.xctest"; sourceTree = BUILT_PRODUCTS_DIR; };
		812679E21D27614700E683DC /* tableview__webviewUITests.m */ = {isa = PBXFileReference; lastKnownFileType = sourcecode.c.objc; path = tableview__webviewUITests.m; sourceTree = "<group>"; };
		812679E41D27614700E683DC /* Info.plist */ = {isa = PBXFileReference; lastKnownFileType = text.plist.xml; path = Info.plist; sourceTree = "<group>"; };
		812679F81D276F0400E683DC /* HZIndicatorView.h */ = {isa = PBXFileReference; fileEncoding = 4; lastKnownFileType = sourcecode.c.h; path = HZIndicatorView.h; sourceTree = "<group>"; };
		812679F91D276F0400E683DC /* HZIndicatorView.m */ = {isa = PBXFileReference; fileEncoding = 4; lastKnownFileType = sourcecode.c.objc; path = HZIndicatorView.m; sourceTree = "<group>"; };
		812679FA1D276F0400E683DC /* HZPhotoBrowser.h */ = {isa = PBXFileReference; fileEncoding = 4; lastKnownFileType = sourcecode.c.h; path = HZPhotoBrowser.h; sourceTree = "<group>"; };
		812679FB1D276F0400E683DC /* HZPhotoBrowser.m */ = {isa = PBXFileReference; fileEncoding = 4; lastKnownFileType = sourcecode.c.objc; path = HZPhotoBrowser.m; sourceTree = "<group>"; };
		812679FC1D276F0400E683DC /* HZPhotoBrowserConfig.h */ = {isa = PBXFileReference; fileEncoding = 4; lastKnownFileType = sourcecode.c.h; path = HZPhotoBrowserConfig.h; sourceTree = "<group>"; };
		812679FD1D276F0400E683DC /* HZPhotoBrowserView.h */ = {isa = PBXFileReference; fileEncoding = 4; lastKnownFileType = sourcecode.c.h; path = HZPhotoBrowserView.h; sourceTree = "<group>"; };
		812679FE1D276F0400E683DC /* HZPhotoBrowserView.m */ = {isa = PBXFileReference; fileEncoding = 4; lastKnownFileType = sourcecode.c.objc; path = HZPhotoBrowserView.m; sourceTree = "<group>"; };
		81267A021D276FE100E683DC /* WebViewURLViewController.h */ = {isa = PBXFileReference; fileEncoding = 4; lastKnownFileType = sourcecode.c.h; path = WebViewURLViewController.h; sourceTree = "<group>"; };
		81267A031D276FE100E683DC /* WebViewURLViewController.m */ = {isa = PBXFileReference; fileEncoding = 4; lastKnownFileType = sourcecode.c.objc; path = WebViewURLViewController.m; sourceTree = "<group>"; };
		815370BB1D27745A00E561D2 /* NSData+ImageContentType.h */ = {isa = PBXFileReference; fileEncoding = 4; lastKnownFileType = sourcecode.c.h; path = "NSData+ImageContentType.h"; sourceTree = "<group>"; };
		815370BC1D27745A00E561D2 /* NSData+ImageContentType.m */ = {isa = PBXFileReference; fileEncoding = 4; lastKnownFileType = sourcecode.c.objc; path = "NSData+ImageContentType.m"; sourceTree = "<group>"; };
		815370BD1D27745A00E561D2 /* SDImageCache.h */ = {isa = PBXFileReference; fileEncoding = 4; lastKnownFileType = sourcecode.c.h; path = SDImageCache.h; sourceTree = "<group>"; };
		815370BE1D27745A00E561D2 /* SDImageCache.m */ = {isa = PBXFileReference; fileEncoding = 4; lastKnownFileType = sourcecode.c.objc; path = SDImageCache.m; sourceTree = "<group>"; };
		815370BF1D27745A00E561D2 /* SDWebImageCompat.h */ = {isa = PBXFileReference; fileEncoding = 4; lastKnownFileType = sourcecode.c.h; path = SDWebImageCompat.h; sourceTree = "<group>"; };
		815370C01D27745A00E561D2 /* SDWebImageCompat.m */ = {isa = PBXFileReference; fileEncoding = 4; lastKnownFileType = sourcecode.c.objc; path = SDWebImageCompat.m; sourceTree = "<group>"; };
		815370C11D27745A00E561D2 /* SDWebImageDecoder.h */ = {isa = PBXFileReference; fileEncoding = 4; lastKnownFileType = sourcecode.c.h; path = SDWebImageDecoder.h; sourceTree = "<group>"; };
		815370C21D27745A00E561D2 /* SDWebImageDecoder.m */ = {isa = PBXFileReference; fileEncoding = 4; lastKnownFileType = sourcecode.c.objc; path = SDWebImageDecoder.m; sourceTree = "<group>"; };
		815370C31D27745A00E561D2 /* SDWebImageDownloader.h */ = {isa = PBXFileReference; fileEncoding = 4; lastKnownFileType = sourcecode.c.h; path = SDWebImageDownloader.h; sourceTree = "<group>"; };
		815370C41D27745A00E561D2 /* SDWebImageDownloader.m */ = {isa = PBXFileReference; fileEncoding = 4; lastKnownFileType = sourcecode.c.objc; path = SDWebImageDownloader.m; sourceTree = "<group>"; };
		815370C51D27745A00E561D2 /* SDWebImageDownloaderOperation.h */ = {isa = PBXFileReference; fileEncoding = 4; lastKnownFileType = sourcecode.c.h; path = SDWebImageDownloaderOperation.h; sourceTree = "<group>"; };
		815370C61D27745A00E561D2 /* SDWebImageDownloaderOperation.m */ = {isa = PBXFileReference; fileEncoding = 4; lastKnownFileType = sourcecode.c.objc; path = SDWebImageDownloaderOperation.m; sourceTree = "<group>"; };
		815370C71D27745A00E561D2 /* SDWebImageManager.h */ = {isa = PBXFileReference; fileEncoding = 4; lastKnownFileType = sourcecode.c.h; path = SDWebImageManager.h; sourceTree = "<group>"; };
		815370C81D27745A00E561D2 /* SDWebImageManager.m */ = {isa = PBXFileReference; fileEncoding = 4; lastKnownFileType = sourcecode.c.objc; path = SDWebImageManager.m; sourceTree = "<group>"; };
		815370C91D27745A00E561D2 /* SDWebImageOperation.h */ = {isa = PBXFileReference; fileEncoding = 4; lastKnownFileType = sourcecode.c.h; path = SDWebImageOperation.h; sourceTree = "<group>"; };
		815370CA1D27745A00E561D2 /* SDWebImagePrefetcher.h */ = {isa = PBXFileReference; fileEncoding = 4; lastKnownFileType = sourcecode.c.h; path = SDWebImagePrefetcher.h; sourceTree = "<group>"; };
		815370CB1D27745A00E561D2 /* SDWebImagePrefetcher.m */ = {isa = PBXFileReference; fileEncoding = 4; lastKnownFileType = sourcecode.c.objc; path = SDWebImagePrefetcher.m; sourceTree = "<group>"; };
		815370CC1D27745A00E561D2 /* UIButton+WebCache.h */ = {isa = PBXFileReference; fileEncoding = 4; lastKnownFileType = sourcecode.c.h; path = "UIButton+WebCache.h"; sourceTree = "<group>"; };
		815370CD1D27745A00E561D2 /* UIButton+WebCache.m */ = {isa = PBXFileReference; fileEncoding = 4; lastKnownFileType = sourcecode.c.objc; path = "UIButton+WebCache.m"; sourceTree = "<group>"; };
		815370CE1D27745A00E561D2 /* UIImage+GIF.h */ = {isa = PBXFileReference; fileEncoding = 4; lastKnownFileType = sourcecode.c.h; path = "UIImage+GIF.h"; sourceTree = "<group>"; };
		815370CF1D27745A00E561D2 /* UIImage+GIF.m */ = {isa = PBXFileReference; fileEncoding = 4; lastKnownFileType = sourcecode.c.objc; path = "UIImage+GIF.m"; sourceTree = "<group>"; };
		815370D01D27745A00E561D2 /* UIImage+MultiFormat.h */ = {isa = PBXFileReference; fileEncoding = 4; lastKnownFileType = sourcecode.c.h; path = "UIImage+MultiFormat.h"; sourceTree = "<group>"; };
		815370D11D27745A00E561D2 /* UIImage+MultiFormat.m */ = {isa = PBXFileReference; fileEncoding = 4; lastKnownFileType = sourcecode.c.objc; path = "UIImage+MultiFormat.m"; sourceTree = "<group>"; };
		815370D21D27745A00E561D2 /* UIImageView+HighlightedWebCache.h */ = {isa = PBXFileReference; fileEncoding = 4; lastKnownFileType = sourcecode.c.h; path = "UIImageView+HighlightedWebCache.h"; sourceTree = "<group>"; };
		815370D31D27745A00E561D2 /* UIImageView+HighlightedWebCache.m */ = {isa = PBXFileReference; fileEncoding = 4; lastKnownFileType = sourcecode.c.objc; path = "UIImageView+HighlightedWebCache.m"; sourceTree = "<group>"; };
		815370D41D27745A00E561D2 /* UIImageView+WebCache.h */ = {isa = PBXFileReference; fileEncoding = 4; lastKnownFileType = sourcecode.c.h; path = "UIImageView+WebCache.h"; sourceTree = "<group>"; };
		815370D51D27745A00E561D2 /* UIImageView+WebCache.m */ = {isa = PBXFileReference; fileEncoding = 4; lastKnownFileType = sourcecode.c.objc; path = "UIImageView+WebCache.m"; sourceTree = "<group>"; };
		815370D61D27745A00E561D2 /* UIView+WebCacheOperation.h */ = {isa = PBXFileReference; fileEncoding = 4; lastKnownFileType = sourcecode.c.h; path = "UIView+WebCacheOperation.h"; sourceTree = "<group>"; };
		815370D71D27745A00E561D2 /* UIView+WebCacheOperation.m */ = {isa = PBXFileReference; fileEncoding = 4; lastKnownFileType = sourcecode.c.objc; path = "UIView+WebCacheOperation.m"; sourceTree = "<group>"; };
		815370E71D278D8500E561D2 /* IMYWebView.h */ = {isa = PBXFileReference; fileEncoding = 4; lastKnownFileType = sourcecode.c.h; path = IMYWebView.h; sourceTree = "<group>"; };
		815370E81D278D8500E561D2 /* IMYWebView.m */ = {isa = PBXFileReference; fileEncoding = 4; lastKnownFileType = sourcecode.c.objc; path = IMYWebView.m; sourceTree = "<group>"; };
		815370EA1D278D8500E561D2 /* IMY_NJKWebViewProgress.h */ = {isa = PBXFileReference; fileEncoding = 4; lastKnownFileType = sourcecode.c.h; path = IMY_NJKWebViewProgress.h; sourceTree = "<group>"; };
		815370EB1D278D8500E561D2 /* IMY_NJKWebViewProgress.m */ = {isa = PBXFileReference; fileEncoding = 4; lastKnownFileType = sourcecode.c.objc; path = IMY_NJKWebViewProgress.m; sourceTree = "<group>"; };
/* End PBXFileReference section */

/* Begin PBXFrameworksBuildPhase section */
		812679B71D27614700E683DC /* Frameworks */ = {
			isa = PBXFrameworksBuildPhase;
			buildActionMask = 2147483647;
			files = (
			);
			runOnlyForDeploymentPostprocessing = 0;
		};
		812679D01D27614700E683DC /* Frameworks */ = {
			isa = PBXFrameworksBuildPhase;
			buildActionMask = 2147483647;
			files = (
			);
			runOnlyForDeploymentPostprocessing = 0;
		};
		812679DB1D27614700E683DC /* Frameworks */ = {
			isa = PBXFrameworksBuildPhase;
			buildActionMask = 2147483647;
			files = (
			);
			runOnlyForDeploymentPostprocessing = 0;
		};
/* End PBXFrameworksBuildPhase section */

/* Begin PBXGroup section */
		812679B11D27614700E683DC = {
			isa = PBXGroup;
			children = (
				812679BC1D27614700E683DC /* tableview嵌套webview */,
				812679D61D27614700E683DC /* tableview嵌套webviewTests */,
				812679E11D27614700E683DC /* tableview嵌套webviewUITests */,
				812679BB1D27614700E683DC /* Products */,
			);
			sourceTree = "<group>";
		};
		812679BB1D27614700E683DC /* Products */ = {
			isa = PBXGroup;
			children = (
				812679BA1D27614700E683DC /* tableview嵌套webview.app */,
				812679D31D27614700E683DC /* tableview嵌套webviewTests.xctest */,
				812679DE1D27614700E683DC /* tableview嵌套webviewUITests.xctest */,
			);
			name = Products;
			sourceTree = "<group>";
		};
		812679BC1D27614700E683DC /* tableview嵌套webview */ = {
			isa = PBXGroup;
			children = (
				815370E61D278D8500E561D2 /* IMYWebView */,
				815370BA1D27745A00E561D2 /* SDWebImage */,
				812679F61D276F0400E683DC /* photoBroser */,
				812679C01D27614700E683DC /* AppDelegate.h */,
				812679C11D27614700E683DC /* AppDelegate.m */,
				812679C31D27614700E683DC /* ViewController.h */,
				812679C41D27614700E683DC /* ViewController.m */,
				81267A021D276FE100E683DC /* WebViewURLViewController.h */,
				81267A031D276FE100E683DC /* WebViewURLViewController.m */,
				812679C61D27614700E683DC /* Main.storyboard */,
				812679C91D27614700E683DC /* Assets.xcassets */,
				812679CB1D27614700E683DC /* LaunchScreen.storyboard */,
				812679CE1D27614700E683DC /* Info.plist */,
				812679BD1D27614700E683DC /* Supporting Files */,
			);
			path = "tableview嵌套webview";
			sourceTree = "<group>";
		};
		812679BD1D27614700E683DC /* Supporting Files */ = {
			isa = PBXGroup;
			children = (
				812679BE1D27614700E683DC /* main.m */,
			);
			name = "Supporting Files";
			sourceTree = "<group>";
		};
		812679D61D27614700E683DC /* tableview嵌套webviewTests */ = {
			isa = PBXGroup;
			children = (
				812679D71D27614700E683DC /* tableview__webviewTests.m */,
				812679D91D27614700E683DC /* Info.plist */,
			);
			path = "tableview嵌套webviewTests";
			sourceTree = "<group>";
		};
		812679E11D27614700E683DC /* tableview嵌套webviewUITests */ = {
			isa = PBXGroup;
			children = (
				812679E21D27614700E683DC /* tableview__webviewUITests.m */,
				812679E41D27614700E683DC /* Info.plist */,
			);
			path = "tableview嵌套webviewUITests";
			sourceTree = "<group>";
		};
		812679F61D276F0400E683DC /* photoBroser */ = {
			isa = PBXGroup;
			children = (
				812679F71D276F0400E683DC /* HZPhotoBrowser */,
			);
			path = photoBroser;
			sourceTree = "<group>";
		};
		812679F71D276F0400E683DC /* HZPhotoBrowser */ = {
			isa = PBXGroup;
			children = (
				812679F81D276F0400E683DC /* HZIndicatorView.h */,
				812679F91D276F0400E683DC /* HZIndicatorView.m */,
				812679FA1D276F0400E683DC /* HZPhotoBrowser.h */,
				812679FB1D276F0400E683DC /* HZPhotoBrowser.m */,
				812679FC1D276F0400E683DC /* HZPhotoBrowserConfig.h */,
				812679FD1D276F0400E683DC /* HZPhotoBrowserView.h */,
				812679FE1D276F0400E683DC /* HZPhotoBrowserView.m */,
			);
			path = HZPhotoBrowser;
			sourceTree = "<group>";
		};
		815370BA1D27745A00E561D2 /* SDWebImage */ = {
			isa = PBXGroup;
			children = (
				815370BB1D27745A00E561D2 /* NSData+ImageContentType.h */,
				815370BC1D27745A00E561D2 /* NSData+ImageContentType.m */,
				815370BD1D27745A00E561D2 /* SDImageCache.h */,
				815370BE1D27745A00E561D2 /* SDImageCache.m */,
				815370BF1D27745A00E561D2 /* SDWebImageCompat.h */,
				815370C01D27745A00E561D2 /* SDWebImageCompat.m */,
				815370C11D27745A00E561D2 /* SDWebImageDecoder.h */,
				815370C21D27745A00E561D2 /* SDWebImageDecoder.m */,
				815370C31D27745A00E561D2 /* SDWebImageDownloader.h */,
				815370C41D27745A00E561D2 /* SDWebImageDownloader.m */,
				815370C51D27745A00E561D2 /* SDWebImageDownloaderOperation.h */,
				815370C61D27745A00E561D2 /* SDWebImageDownloaderOperation.m */,
				815370C71D27745A00E561D2 /* SDWebImageManager.h */,
				815370C81D27745A00E561D2 /* SDWebImageManager.m */,
				815370C91D27745A00E561D2 /* SDWebImageOperation.h */,
				815370CA1D27745A00E561D2 /* SDWebImagePrefetcher.h */,
				815370CB1D27745A00E561D2 /* SDWebImagePrefetcher.m */,
				815370CC1D27745A00E561D2 /* UIButton+WebCache.h */,
				815370CD1D27745A00E561D2 /* UIButton+WebCache.m */,
				815370CE1D27745A00E561D2 /* UIImage+GIF.h */,
				815370CF1D27745A00E561D2 /* UIImage+GIF.m */,
				815370D01D27745A00E561D2 /* UIImage+MultiFormat.h */,
				815370D11D27745A00E561D2 /* UIImage+MultiFormat.m */,
				815370D21D27745A00E561D2 /* UIImageView+HighlightedWebCache.h */,
				815370D31D27745A00E561D2 /* UIImageView+HighlightedWebCache.m */,
				815370D41D27745A00E561D2 /* UIImageView+WebCache.h */,
				815370D51D27745A00E561D2 /* UIImageView+WebCache.m */,
				815370D61D27745A00E561D2 /* UIView+WebCacheOperation.h */,
				815370D71D27745A00E561D2 /* UIView+WebCacheOperation.m */,
			);
			path = SDWebImage;
			sourceTree = "<group>";
		};
		815370E61D278D8500E561D2 /* IMYWebView */ = {
			isa = PBXGroup;
			children = (
				815370E71D278D8500E561D2 /* IMYWebView.h */,
				815370E81D278D8500E561D2 /* IMYWebView.m */,
				815370E91D278D8500E561D2 /* UIWebViewProgress */,
			);
			path = IMYWebView;
			sourceTree = "<group>";
		};
		815370E91D278D8500E561D2 /* UIWebViewProgress */ = {
			isa = PBXGroup;
			children = (
				815370EA1D278D8500E561D2 /* IMY_NJKWebViewProgress.h */,
				815370EB1D278D8500E561D2 /* IMY_NJKWebViewProgress.m */,
			);
			path = UIWebViewProgress;
			sourceTree = "<group>";
		};
/* End PBXGroup section */

/* Begin PBXNativeTarget section */
		812679B91D27614700E683DC /* tableview嵌套webview */ = {
			isa = PBXNativeTarget;
			buildConfigurationList = 812679E71D27614700E683DC /* Build configuration list for PBXNativeTarget "tableview嵌套webview" */;
			buildPhases = (
				812679B61D27614700E683DC /* Sources */,
				812679B71D27614700E683DC /* Frameworks */,
				812679B81D27614700E683DC /* Resources */,
			);
			buildRules = (
			);
			dependencies = (
			);
			name = "tableview嵌套webview";
			productName = "tableview嵌套webview";
			productReference = 812679BA1D27614700E683DC /* tableview嵌套webview.app */;
			productType = "com.apple.product-type.application";
		};
		812679D21D27614700E683DC /* tableview嵌套webviewTests */ = {
			isa = PBXNativeTarget;
			buildConfigurationList = 812679EA1D27614700E683DC /* Build configuration list for PBXNativeTarget "tableview嵌套webviewTests" */;
			buildPhases = (
				812679CF1D27614700E683DC /* Sources */,
				812679D01D27614700E683DC /* Frameworks */,
				812679D11D27614700E683DC /* Resources */,
			);
			buildRules = (
			);
			dependencies = (
				812679D51D27614700E683DC /* PBXTargetDependency */,
			);
			name = "tableview嵌套webviewTests";
			productName = "tableview嵌套webviewTests";
			productReference = 812679D31D27614700E683DC /* tableview嵌套webviewTests.xctest */;
			productType = "com.apple.product-type.bundle.unit-test";
		};
		812679DD1D27614700E683DC /* tableview嵌套webviewUITests */ = {
			isa = PBXNativeTarget;
			buildConfigurationList = 812679ED1D27614700E683DC /* Build configuration list for PBXNativeTarget "tableview嵌套webviewUITests" */;
			buildPhases = (
				812679DA1D27614700E683DC /* Sources */,
				812679DB1D27614700E683DC /* Frameworks */,
				812679DC1D27614700E683DC /* Resources */,
			);
			buildRules = (
			);
			dependencies = (
				812679E01D27614700E683DC /* PBXTargetDependency */,
			);
			name = "tableview嵌套webviewUITests";
			productName = "tableview嵌套webviewUITests";
			productReference = 812679DE1D27614700E683DC /* tableview嵌套webviewUITests.xctest */;
			productType = "com.apple.product-type.bundle.ui-testing";
		};
/* End PBXNativeTarget section */

/* Begin PBXProject section */
		812679B21D27614700E683DC /* Project object */ = {
			isa = PBXProject;
			attributes = {
				LastUpgradeCheck = 0730;
				ORGANIZATIONNAME = WOSHIPM;
				TargetAttributes = {
					812679B91D27614700E683DC = {
						CreatedOnToolsVersion = 7.3;
					};
					812679D21D27614700E683DC = {
						CreatedOnToolsVersion = 7.3;
						TestTargetID = 812679B91D27614700E683DC;
					};
					812679DD1D27614700E683DC = {
						CreatedOnToolsVersion = 7.3;
						TestTargetID = 812679B91D27614700E683DC;
					};
				};
			};
			buildConfigurationList = 812679B51D27614700E683DC /* Build configuration list for PBXProject "tableview嵌套webview" */;
			compatibilityVersion = "Xcode 3.2";
			developmentRegion = English;
			hasScannedForEncodings = 0;
			knownRegions = (
				en,
				Base,
			);
			mainGroup = 812679B11D27614700E683DC;
			productRefGroup = 812679BB1D27614700E683DC /* Products */;
			projectDirPath = "";
			projectRoot = "";
			targets = (
				812679B91D27614700E683DC /* tableview嵌套webview */,
				812679D21D27614700E683DC /* tableview嵌套webviewTests */,
				812679DD1D27614700E683DC /* tableview嵌套webviewUITests */,
			);
		};
/* End PBXProject section */

/* Begin PBXResourcesBuildPhase section */
		812679B81D27614700E683DC /* Resources */ = {
			isa = PBXResourcesBuildPhase;
			buildActionMask = 2147483647;
			files = (
				812679CD1D27614700E683DC /* LaunchScreen.storyboard in Resources */,
				812679CA1D27614700E683DC /* Assets.xcassets in Resources */,
				812679C81D27614700E683DC /* Main.storyboard in Resources */,
			);
			runOnlyForDeploymentPostprocessing = 0;
		};
		812679D11D27614700E683DC /* Resources */ = {
			isa = PBXResourcesBuildPhase;
			buildActionMask = 2147483647;
			files = (
			);
			runOnlyForDeploymentPostprocessing = 0;
		};
		812679DC1D27614700E683DC /* Resources */ = {
			isa = PBXResourcesBuildPhase;
			buildActionMask = 2147483647;
			files = (
			);
			runOnlyForDeploymentPostprocessing = 0;
		};
/* End PBXResourcesBuildPhase section */

/* Begin PBXSourcesBuildPhase section */
		812679B61D27614700E683DC /* Sources */ = {
			isa = PBXSourcesBuildPhase;
			buildActionMask = 2147483647;
			files = (
				815370E11D27745A00E561D2 /* UIImage+GIF.m in Sources */,
				815370DA1D27745A00E561D2 /* SDWebImageCompat.m in Sources */,
				815370E01D27745A00E561D2 /* UIButton+WebCache.m in Sources */,
				815370E21D27745A00E561D2 /* UIImage+MultiFormat.m in Sources */,
				815370EC1D278D8500E561D2 /* IMYWebView.m in Sources */,
				815370E51D27745A00E561D2 /* UIView+WebCacheOperation.m in Sources */,
				815370DF1D27745A00E561D2 /* SDWebImagePrefetcher.m in Sources */,
				81267A041D276FE100E683DC /* WebViewURLViewController.m in Sources */,
				812679C51D27614700E683DC /* ViewController.m in Sources */,
				815370DD1D27745A00E561D2 /* SDWebImageDownloaderOperation.m in Sources */,
				815370DB1D27745A00E561D2 /* SDWebImageDecoder.m in Sources */,
				812679C21D27614700E683DC /* AppDelegate.m in Sources */,
				815370E41D27745A00E561D2 /* UIImageView+WebCache.m in Sources */,
				815370D81D27745A00E561D2 /* NSData+ImageContentType.m in Sources */,
				815370DC1D27745A00E561D2 /* SDWebImageDownloader.m in Sources */,
				812679BF1D27614700E683DC /* main.m in Sources */,
				812679FF1D276F0400E683DC /* HZIndicatorView.m in Sources */,
				815370ED1D278D8500E561D2 /* IMY_NJKWebViewProgress.m in Sources */,
				81267A011D276F0400E683DC /* HZPhotoBrowserView.m in Sources */,
				815370DE1D27745A00E561D2 /* SDWebImageManager.m in Sources */,
				81267A001D276F0400E683DC /* HZPhotoBrowser.m in Sources */,
				815370E31D27745A00E561D2 /* UIImageView+HighlightedWebCache.m in Sources */,
				815370D91D27745A00E561D2 /* SDImageCache.m in Sources */,
			);
			runOnlyForDeploymentPostprocessing = 0;
		};
		812679CF1D27614700E683DC /* Sources */ = {
			isa = PBXSourcesBuildPhase;
			buildActionMask = 2147483647;
			files = (
				812679D81D27614700E683DC /* tableview__webviewTests.m in Sources */,
			);
			runOnlyForDeploymentPostprocessing = 0;
		};
		812679DA1D27614700E683DC /* Sources */ = {
			isa = PBXSourcesBuildPhase;
			buildActionMask = 2147483647;
			files = (
				812679E31D27614700E683DC /* tableview__webviewUITests.m in Sources */,
			);
			runOnlyForDeploymentPostprocessing = 0;
		};
/* End PBXSourcesBuildPhase section */

/* Begin PBXTargetDependency section */
		812679D51D27614700E683DC /* PBXTargetDependency */ = {
			isa = PBXTargetDependency;
			target = 812679B91D27614700E683DC /* tableview嵌套webview */;
			targetProxy = 812679D41D27614700E683DC /* PBXContainerItemProxy */;
		};
		812679E01D27614700E683DC /* PBXTargetDependency */ = {
			isa = PBXTargetDependency;
			target = 812679B91D27614700E683DC /* tableview嵌套webview */;
			targetProxy = 812679DF1D27614700E683DC /* PBXContainerItemProxy */;
		};
/* End PBXTargetDependency section */

/* Begin PBXVariantGroup section */
		812679C61D27614700E683DC /* Main.storyboard */ = {
			isa = PBXVariantGroup;
			children = (
				812679C71D27614700E683DC /* Base */,
			);
			name = Main.storyboard;
			sourceTree = "<group>";
		};
		812679CB1D27614700E683DC /* LaunchScreen.storyboard */ = {
			isa = PBXVariantGroup;
			children = (
				812679CC1D27614700E683DC /* Base */,
			);
			name = LaunchScreen.storyboard;
			sourceTree = "<group>";
		};
/* End PBXVariantGroup section */

/* Begin XCBuildConfiguration section */
		812679E51D27614700E683DC /* Debug */ = {
			isa = XCBuildConfiguration;
			buildSettings = {
				ALWAYS_SEARCH_USER_PATHS = NO;
				CLANG_ANALYZER_NONNULL = YES;
				CLANG_CXX_LANGUAGE_STANDARD = "gnu++0x";
				CLANG_CXX_LIBRARY = "libc++";
				CLANG_ENABLE_MODULES = YES;
				CLANG_ENABLE_OBJC_ARC = YES;
				CLANG_WARN_BOOL_CONVERSION = YES;
				CLANG_WARN_CONSTANT_CONVERSION = YES;
				CLANG_WARN_DIRECT_OBJC_ISA_USAGE = YES_ERROR;
				CLANG_WARN_EMPTY_BODY = YES;
				CLANG_WARN_ENUM_CONVERSION = YES;
				CLANG_WARN_INT_CONVERSION = YES;
				CLANG_WARN_OBJC_ROOT_CLASS = YES_ERROR;
				CLANG_WARN_UNREACHABLE_CODE = YES;
				CLANG_WARN__DUPLICATE_METHOD_MATCH = YES;
				"CODE_SIGN_IDENTITY[sdk=iphoneos*]" = "iPhone Developer";
				COPY_PHASE_STRIP = NO;
				DEBUG_INFORMATION_FORMAT = dwarf;
				ENABLE_STRICT_OBJC_MSGSEND = YES;
				ENABLE_TESTABILITY = YES;
				GCC_C_LANGUAGE_STANDARD = gnu99;
				GCC_DYNAMIC_NO_PIC = NO;
				GCC_NO_COMMON_BLOCKS = YES;
				GCC_OPTIMIZATION_LEVEL = 0;
				GCC_PREPROCESSOR_DEFINITIONS = (
					"DEBUG=1",
					"$(inherited)",
				);
				GCC_WARN_64_TO_32_BIT_CONVERSION = YES;
				GCC_WARN_ABOUT_RETURN_TYPE = YES_ERROR;
				GCC_WARN_UNDECLARED_SELECTOR = YES;
				GCC_WARN_UNINITIALIZED_AUTOS = YES_AGGRESSIVE;
				GCC_WARN_UNUSED_FUNCTION = YES;
				GCC_WARN_UNUSED_VARIABLE = YES;
				IPHONEOS_DEPLOYMENT_TARGET = 9.3;
				MTL_ENABLE_DEBUG_INFO = YES;
				ONLY_ACTIVE_ARCH = YES;
				SDKROOT = iphoneos;
				TARGETED_DEVICE_FAMILY = "1,2";
			};
			name = Debug;
		};
		812679E61D27614700E683DC /* Release */ = {
			isa = XCBuildConfiguration;
			buildSettings = {
				ALWAYS_SEARCH_USER_PATHS = NO;
				CLANG_ANALYZER_NONNULL = YES;
				CLANG_CXX_LANGUAGE_STANDARD = "gnu++0x";
				CLANG_CXX_LIBRARY = "libc++";
				CLANG_ENABLE_MODULES = YES;
				CLANG_ENABLE_OBJC_ARC = YES;
				CLANG_WARN_BOOL_CONVERSION = YES;
				CLANG_WARN_CONSTANT_CONVERSION = YES;
				CLANG_WARN_DIRECT_OBJC_ISA_USAGE = YES_ERROR;
				CLANG_WARN_EMPTY_BODY = YES;
				CLANG_WARN_ENUM_CONVERSION = YES;
				CLANG_WARN_INT_CONVERSION = YES;
				CLANG_WARN_OBJC_ROOT_CLASS = YES_ERROR;
				CLANG_WARN_UNREACHABLE_CODE = YES;
				CLANG_WARN__DUPLICATE_METHOD_MATCH = YES;
				"CODE_SIGN_IDENTITY[sdk=iphoneos*]" = "iPhone Developer";
				COPY_PHASE_STRIP = NO;
				DEBUG_INFORMATION_FORMAT = "dwarf-with-dsym";
				ENABLE_NS_ASSERTIONS = NO;
				ENABLE_STRICT_OBJC_MSGSEND = YES;
				GCC_C_LANGUAGE_STANDARD = gnu99;
				GCC_NO_COMMON_BLOCKS = YES;
				GCC_WARN_64_TO_32_BIT_CONVERSION = YES;
				GCC_WARN_ABOUT_RETURN_TYPE = YES_ERROR;
				GCC_WARN_UNDECLARED_SELECTOR = YES;
				GCC_WARN_UNINITIALIZED_AUTOS = YES_AGGRESSIVE;
				GCC_WARN_UNUSED_FUNCTION = YES;
				GCC_WARN_UNUSED_VARIABLE = YES;
				IPHONEOS_DEPLOYMENT_TARGET = 9.3;
				MTL_ENABLE_DEBUG_INFO = NO;
				SDKROOT = iphoneos;
				TARGETED_DEVICE_FAMILY = "1,2";
				VALIDATE_PRODUCT = YES;
			};
			name = Release;
		};
		812679E81D27614700E683DC /* Debug */ = {
			isa = XCBuildConfiguration;
			buildSettings = {
				ASSETCATALOG_COMPILER_APPICON_NAME = AppIcon;
				INFOPLIST_FILE = "tableview嵌套webview/Info.plist";
				IPHONEOS_DEPLOYMENT_TARGET = 7.0;
				LD_RUNPATH_SEARCH_PATHS = "$(inherited) @executable_path/Frameworks";
				PRODUCT_BUNDLE_IDENTIFIER = "WOSHIPM.tableview--webview";
				PRODUCT_NAME = "$(TARGET_NAME)";
			};
			name = Debug;
		};
		812679E91D27614700E683DC /* Release */ = {
			isa = XCBuildConfiguration;
			buildSettings = {
				ASSETCATALOG_COMPILER_APPICON_NAME = AppIcon;
				INFOPLIST_FILE = "tableview嵌套webview/Info.plist";
				IPHONEOS_DEPLOYMENT_TARGET = 7.0;
				LD_RUNPATH_SEARCH_PATHS = "$(inherited) @executable_path/Frameworks";
				PRODUCT_BUNDLE_IDENTIFIER = "WOSHIPM.tableview--webview";
				PRODUCT_NAME = "$(TARGET_NAME)";
			};
			name = Release;
		};
		812679EB1D27614700E683DC /* Debug */ = {
			isa = XCBuildConfiguration;
			buildSettings = {
				BUNDLE_LOADER = "$(TEST_HOST)";
				INFOPLIST_FILE = "tableview嵌套webviewTests/Info.plist";
				LD_RUNPATH_SEARCH_PATHS = "$(inherited) @executable_path/Frameworks @loader_path/Frameworks";
				PRODUCT_BUNDLE_IDENTIFIER = "WOSHIPM.tableview--webviewTests";
				PRODUCT_NAME = "$(TARGET_NAME)";
				TEST_HOST = "$(BUILT_PRODUCTS_DIR)/tableview嵌套webview.app/tableview嵌套webview";
			};
			name = Debug;
		};
		812679EC1D27614700E683DC /* Release */ = {
			isa = XCBuildConfiguration;
			buildSettings = {
				BUNDLE_LOADER = "$(TEST_HOST)";
				INFOPLIST_FILE = "tableview嵌套webviewTests/Info.plist";
				LD_RUNPATH_SEARCH_PATHS = "$(inherited) @executable_path/Frameworks @loader_path/Frameworks";
				PRODUCT_BUNDLE_IDENTIFIER = "WOSHIPM.tableview--webviewTests";
				PRODUCT_NAME = "$(TARGET_NAME)";
				TEST_HOST = "$(BUILT_PRODUCTS_DIR)/tableview嵌套webview.app/tableview嵌套webview";
			};
			name = Release;
		};
		812679EE1D27614700E683DC /* Debug */ = {
			isa = XCBuildConfiguration;
			buildSettings = {
				INFOPLIST_FILE = "tableview嵌套webviewUITests/Info.plist";
				LD_RUNPATH_SEARCH_PATHS = "$(inherited) @executable_path/Frameworks @loader_path/Frameworks";
				PRODUCT_BUNDLE_IDENTIFIER = "WOSHIPM.tableview--webviewUITests";
				PRODUCT_NAME = "$(TARGET_NAME)";
				TEST_TARGET_NAME = "tableview嵌套webview";
			};
			name = Debug;
		};
		812679EF1D27614700E683DC /* Release */ = {
			isa = XCBuildConfiguration;
			buildSettings = {
				INFOPLIST_FILE = "tableview嵌套webviewUITests/Info.plist";
				LD_RUNPATH_SEARCH_PATHS = "$(inherited) @executable_path/Frameworks @loader_path/Frameworks";
				PRODUCT_BUNDLE_IDENTIFIER = "WOSHIPM.tableview--webviewUITests";
				PRODUCT_NAME = "$(TARGET_NAME)";
				TEST_TARGET_NAME = "tableview嵌套webview";
			};
			name = Release;
		};
/* End XCBuildConfiguration section */

/* Begin XCConfigurationList section */
		812679B51D27614700E683DC /* Build configuration list for PBXProject "tableview嵌套webview" */ = {
			isa = XCConfigurationList;
			buildConfigurations = (
				812679E51D27614700E683DC /* Debug */,
				812679E61D27614700E683DC /* Release */,
			);
			defaultConfigurationIsVisible = 0;
			defaultConfigurationName = Release;
		};
		812679E71D27614700E683DC /* Build configuration list for PBXNativeTarget "tableview嵌套webview" */ = {
			isa = XCConfigurationList;
			buildConfigurations = (
				812679E81D27614700E683DC /* Debug */,
				812679E91D27614700E683DC /* Release */,
			);
			defaultConfigurationIsVisible = 0;
			defaultConfigurationName = Release;
		};
		812679EA1D27614700E683DC /* Build configuration list for PBXNativeTarget "tableview嵌套webviewTests" */ = {
			isa = XCConfigurationList;
			buildConfigurations = (
				812679EB1D27614700E683DC /* Debug */,
				812679EC1D27614700E683DC /* Release */,
			);
			defaultConfigurationIsVisible = 0;
			defaultConfigurationName = Release;
		};
		812679ED1D27614700E683DC /* Build configuration list for PBXNativeTarget "tableview嵌套webviewUITests" */ = {
			isa = XCConfigurationList;
			buildConfigurations = (
				812679EE1D27614700E683DC /* Debug */,
				812679EF1D27614700E683DC /* Release */,
			);
			defaultConfigurationIsVisible = 0;
			defaultConfigurationName = Release;
		};
/* End XCConfigurationList section */
	};
	rootObject = 812679B21D27614700E683DC /* Project object */;
}
